
Microsoft Visual Studio Solution File, Format Version 12.00
# Visual Studio Version 17
VisualStudioVersion = 17.14.37012.4
MinimumVisualStudioVersion = 10.0.40219.1
Project("{FAE04EC0-301F-11D3-BF4B-00C04F79EFBC}") = "WilPick", "WilPick.csproj", "{22F7F143-4576-4735-83A0-A5D388CE4324}"
EndProject
Global
	GlobalSection(SolutionConfigurationPlatforms) = preSolution
		Debug|Any CPU = Debug|Any CPU
		Release|Any CPU = Release|Any CPU
	EndGlobalSection
	GlobalSection(ProjectConfigurationPlatforms) = postSolution
		{22F7F143-4576-4735-83A0-A5D388CE4324}.Debug|Any CPU.ActiveCfg = Debug|Any CPU
		{22F7F143-4576-4735-83A0-A5D388CE4324}.Debug|Any CPU.Build.0 = Debug|Any CPU
		{22F7F143-4576-4735-83A0-A5D388CE4324}.Release|Any CPU.ActiveCfg = Release|Any CPU
		{22F7F143-4576-4735-83A0-A5D388CE4324}.Release|Any CPU.Build.0 = Release|Any CPU
	EndGlobalSection
	GlobalSection(SolutionProperties) = preSolution
		HideSolutionNode = FALSE
	EndGlobalSection
	GlobalSection(ExtensibilityGlobals) = postSolution
		SolutionGuid = {83C99D37-26EA-4F85-BD63-2D02CD8E8CB1}
	EndGlobalSection
EndGlobal
